
Microsoft Visual Studio Solution File, Format Version 12.00
# Visual Studio Version 17
VisualStudioVersion = 17.9.34728.123
MinimumVisualStudioVersion = 10.0.40219.1
Project("{FAE04EC0-301F-11D3-BF4B-00C04F79EFBC}") = "donetCore_beginner", "donetCore_beginner\donetCore_beginner.csproj", "{F6988479-1DCD-4512-90B6-36A2FA9CC441}"
EndProject
Global
	GlobalSection(SolutionConfigurationPlatforms) = preSolution
		Debug|Any CPU = Debug|Any CPU
		Release|Any CPU = Release|Any CPU
	EndGlobalSection
	GlobalSection(ProjectConfigurationPlatforms) = postSolution
		{F6988479-1DCD-4512-90B6-36A2FA9CC441}.Debug|Any CPU.ActiveCfg = Debug|Any CPU
		{F6988479-1DCD-4512-90B6-36A2FA9CC441}.Debug|Any CPU.Build.0 = Debug|Any CPU
		{F6988479-1DCD-4512-90B6-36A2FA9CC441}.Release|Any CPU.ActiveCfg = Release|Any CPU
		{F6988479-1DCD-4512-90B6-36A2FA9CC441}.Release|Any CPU.Build.0 = Release|Any CPU
	EndGlobalSection
	GlobalSection(SolutionProperties) = preSolution
		HideSolutionNode = FALSE
	EndGlobalSection
	GlobalSection(ExtensibilityGlobals) = postSolution
		SolutionGuid = {537B50C4-43B2-4A62-8FD5-E2191A9441B6}
	EndGlobalSection
EndGlobal
